
Microsoft Visual Studio Solution File, Format Version 12.00
# Visual Studio Version 16
VisualStudioVersion = 16.0.31019.35
MinimumVisualStudioVersion = 10.0.40219.1
Project("{FAE04EC0-301F-11D3-BF4B-00C04F79EFBC}") = "HAF.DAL", "HAF.DAL\HAF.DAL.csproj", "{0E52C099-2BC3-48E2-9F1C-6A4991D53ECA}"
EndProject
Project("{FAE04EC0-301F-11D3-BF4B-00C04F79EFBC}") = "HAF.Domain", "HAF.Domain\HAF.Domain.csproj", "{25CB398D-9881-4DC4-BECB-3E04DB3EC818}"
EndProject
Project("{FAE04EC0-301F-11D3-BF4B-00C04F79EFBC}") = "HAF.Web", "HAF.Web\HAF.Web.csproj", "{62476D70-622A-46BE-AB84-B4EB72DF0B79}"
EndProject
Global
	GlobalSection(SolutionConfigurationPlatforms) = preSolution
		Debug|Any CPU = Debug|Any CPU
		Release|Any CPU = Release|Any CPU
	EndGlobalSection
	GlobalSection(ProjectConfigurationPlatforms) = postSolution
		{0E52C099-2BC3-48E2-9F1C-6A4991D53ECA}.Debug|Any CPU.ActiveCfg = Debug|Any CPU
		{0E52C099-2BC3-48E2-9F1C-6A4991D53ECA}.Debug|Any CPU.Build.0 = Debug|Any CPU
		{0E52C099-2BC3-48E2-9F1C-6A4991D53ECA}.Release|Any CPU.ActiveCfg = Release|Any CPU
		{0E52C099-2BC3-48E2-9F1C-6A4991D53ECA}.Release|Any CPU.Build.0 = Release|Any CPU
		{25CB398D-9881-4DC4-BECB-3E04DB3EC818}.Debug|Any CPU.ActiveCfg = Debug|Any CPU
		{25CB398D-9881-4DC4-BECB-3E04DB3EC818}.Debug|Any CPU.Build.0 = Debug|Any CPU
		{25CB398D-9881-4DC4-BECB-3E04DB3EC818}.Release|Any CPU.ActiveCfg = Release|Any CPU
		{25CB398D-9881-4DC4-BECB-3E04DB3EC818}.Release|Any CPU.Build.0 = Release|Any CPU
		{62476D70-622A-46BE-AB84-B4EB72DF0B79}.Debug|Any CPU.ActiveCfg = Debug|Any CPU
		{62476D70-622A-46BE-AB84-B4EB72DF0B79}.Debug|Any CPU.Build.0 = Debug|Any CPU
		{62476D70-622A-46BE-AB84-B4EB72DF0B79}.Release|Any CPU.ActiveCfg = Release|Any CPU
		{62476D70-622A-46BE-AB84-B4EB72DF0B79}.Release|Any CPU.Build.0 = Release|Any CPU
	EndGlobalSection
	GlobalSection(SolutionProperties) = preSolution
		HideSolutionNode = FALSE
	EndGlobalSection
	GlobalSection(ExtensibilityGlobals) = postSolution
		EnterpriseLibraryConfigurationToolBinariesPath = packages\Unity.2.1.505.0\lib\NET35
		SolutionGuid = {93E4ECEA-CA7A-40F5-A753-92D488EABBA5}
	EndGlobalSection
EndGlobal
